{
  "name": "ajs_hw",
  "version": "1.0.0",
  "lockfileVersion": 3,
  "requires": true,
  "packages": {
    "": {
      "name": "ajs_hw",
      "version": "1.0.0",
      "license": "ISC",
      "devDependencies": {
        "@rastado/ajs": "^1.0.0"
      }
    },
    "node_modules/@rastado/ajs": {
      "version": "1.0.0",
      "resolved": "https://npm.pkg.github.com/download/@rastado/ajs/1.0.0/34e639530929d9b6c187150391a1556f0fd63ecf",
      "integrity": "sha512-zv8pxHiyub0smn6u+ay4UNrDslZFvPRHpTQWz27ZL7VsqzOh+4Ifyf6yQNAmh8l22cbFBItAYqHuL8xPJrNPEA==",
      "dev": true,
      "license": "ISC"
    }
  }
}
